# This file is autogenerated, do not edit; changes may be undone by the next 'dep ensure'.


[[projects]]
  digest = "1:296cda2c4a6a7a54964d7b3b0815e2aed215da75217b72033060ffb1c4e4b6ae"
  name = "github.com/felixge/httpsnoop"
  packages = ["."]
  pruneopts = "UT"
  revision = "eadd4fad6aac69ae62379194fe0219f3dbc80fd3"
  version = "v1.0.0"

[[projects]]
  digest = "1:40e195917a951a8bf867cd05de2a46aaf1806c50cf92eebf4c16f78cd196f747"
  name = "github.com/pkg/errors"
  packages = ["."]
  pruneopts = "UT"
  revision = "645ef00459ed84a119197bfb8d8205042c6df63d"
  version = "v0.8.0"

[[projects]]
  digest = "1:d1c2efa428c84b4ef7f5d544f4224ecc096c90e051d9be5463fa1c8f0db097df"
  name = "github.com/rs/zerolog"
  packages = [
    ".",
    "internal/json",
  ]
  pruneopts = "UT"
  revision = "56a970de510213e50dbaa39ad73ac07c9ec75606"
  version = "v1.5.0"

[[projects]]
  digest = "1:c3addbf9fe72664f65b519d0d629fc59e63d3112f927375a30b12ab8bb047ae8"
  name = "github.com/sirupsen/logrus"
  packages = [
    ".",
    "hooks/syslog",
  ]
  pruneopts = "UT"
  revision = "c155da19408a8799da419ed3eeb0cb5db0ad5dbc"
  version = "v1.0.5"

[[projects]]
  digest = "1:635bad767b8e84cd5181d2c173a45da25cac02d1b4821b6348b1113dfdda3ff4"
  name = "go.pennock.tech/hmetrics"
  packages = ["."]
  pruneopts = "UT"
  revision = "d4945128e3d1a06e52836ee7620b25416437e3c1"
  version = "v0.1.2"

[[projects]]
  branch = "master"
  digest = "1:3f3a05ae0b95893d90b9b3b5afdb79a9b3d96e4e36e099d841ae602e4aca0da8"
  name = "golang.org/x/crypto"
  packages = ["ssh/terminal"]
  pruneopts = "UT"
  revision = "88942b9c40a4c9d203b82b3731787b672d6e809b"

[[projects]]
  branch = "master"
  digest = "1:42059a9e1ce18ffd3aca3c286f262aeaa9b1584b3a43eed96d1321bad11215be"
  name = "golang.org/x/sys"
  packages = [
    "unix",
    "windows",
  ]
  pruneopts = "UT"
  revision = "91ee8cde435411ca3f1cd365e8f20131aed4d0a1"

[solve-meta]
  analyzer-name = "dep"
  analyzer-version = 1
  input-imports = [
    "github.com/felixge/httpsnoop",
    "github.com/rs/zerolog",
    "github.com/sirupsen/logrus",
    "github.com/sirupsen/logrus/hooks/syslog",
    "go.pennock.tech/hmetrics",
  ]
  solver-name = "gps-cdcl"
  solver-version = 1
