# This file is autogenerated, do not edit; changes may be undone by the next 'dep ensure'.


[[projects]]
  name = "github.com/felixge/httpsnoop"
  packages = ["."]
  revision = "eadd4fad6aac69ae62379194fe0219f3dbc80fd3"
  version = "v1.0.0"

[[projects]]
  name = "github.com/pkg/errors"
  packages = ["."]
  revision = "645ef00459ed84a119197bfb8d8205042c6df63d"
  version = "v0.8.0"

[[projects]]
  name = "github.com/rs/zerolog"
  packages = [
    ".",
    "internal/json"
  ]
  revision = "56a970de510213e50dbaa39ad73ac07c9ec75606"
  version = "v1.5.0"

[[projects]]
  name = "github.com/sirupsen/logrus"
  packages = [
    ".",
    "hooks/syslog"
  ]
  revision = "c155da19408a8799da419ed3eeb0cb5db0ad5dbc"
  version = "v1.0.5"

[[projects]]
  name = "go.pennock.tech/hmetrics"
  packages = ["."]
  revision = "17d1cb6d6786998009c77bbb88e446d1f6c423b0"
  version = "v0.1.0"

[[projects]]
  branch = "master"
  name = "golang.org/x/crypto"
  packages = ["ssh/terminal"]
  revision = "c4a91bd4f524f10d064139674cf55852e055ad01"

[[projects]]
  branch = "master"
  name = "golang.org/x/sys"
  packages = [
    "unix",
    "windows"
  ]
  revision = "bcaab34b51dab6217ab117c5469d74b2ac1b1ab2"

[solve-meta]
  analyzer-name = "dep"
  analyzer-version = 1
  inputs-digest = "c7a6a750c101e4658a09f5d95a787a6eea5031db4234da8451ef692f3ad55c0d"
  solver-name = "gps-cdcl"
  solver-version = 1
